{
  "name": "clx-constellation",
  "version": "0.1.0",
  "lockfileVersion": 3,
  "requires": true,
  "packages": {
    "": {
      "name": "clx-constellation",
      "version": "0.1.0",
      "dependencies": {
        "@fontsource/cormorant-garamond": "^5.3.0",
        "@fontsource/inter": "^5.3.0",
        "lucide": "^1.47.0",
        "yaml": "^2.9.1"
      },
      "bin": {
        "clx": "bin/clx.mjs"
      },
      "devDependencies": {
        "playwright": "^1.63.0",
        "prettier": "^3.9.7"
      },
      "engines": {
        "node": ">=20"
      },
      "license": "MIT"
    },
    "node_modules/@fontsource/cormorant-garamond": {
      "version": "5.3.0",
      "resolved": "https://registry.npmjs.org/@fontsource/cormorant-garamond/-/cormorant-garamond-5.3.0.tgz",
      "integrity": "sha512-weuGsCirGVWBWqpt6YUp0yLThTe4G8YO45noq8wxeJCRvEpq5lFrxNMFSTxcyOyV5k5otzJ8guDzYegdYlcLMQ==",
      "funding": {
        "url": "https://github.com/sponsors/ayuhito"
      }
    },
    "node_modules/@fontsource/inter": {
      "version": "5.3.0",
      "resolved": "https://registry.npmjs.org/@fontsource/inter/-/inter-5.3.0.tgz",
      "integrity": "sha512-RofMylZmjlJEfELXeNHFWBRcSs75rGU/6bV2S2jfnvv/3rPXPGe0LgUJTklcHZ9lM4OZmAVFhcJPnACfb91A3g==",
      "funding": {
        "url": "https://github.com/sponsors/ayuhito"
      }
    },
    "node_modules/lucide": {
      "version": "1.47.0",
      "resolved": "https://registry.npmjs.org/lucide/-/lucide-1.47.0.tgz",
      "integrity": "sha512-gJoVJM5fvpBDGZTvhpJS9IEurz85HbD+wgOlCkXCIw35tHrqTxSdIYUN9sXvs7Aw3NCl67A+nlotNyoU4u7zOQ=="
    },
    "node_modules/playwright": {
      "version": "1.63.0",
      "resolved": "https://registry.npmjs.org/playwright/-/playwright-1.63.0.tgz",
      "integrity": "sha512-+7ziBLidS4NaNCdt57SUDT+wYmmd5fmiQejUic/kb+YsYSCPyOOE9sebzMjNmQrsnNpDJqd4WHvV/8lfKfUDUg==",
      "dev": true,
      "dependencies": {
        "playwright-core": "1.63.0"
      },
      "bin": {
        "playwright": "cli.js"
      },
      "engines": {
        "node": ">=20"
      }
    },
    "node_modules/playwright-core": {
      "version": "1.63.0",
      "resolved": "https://registry.npmjs.org/playwright-core/-/playwright-core-1.63.0.tgz",
      "integrity": "sha512-rYCsBF/M5HjUch52bbtVONEFjv6Xu8sm8h72dNlR5bzIE1fvC/bxgspzkjSfU+MweEMmPM8KJebG6nnyxo5mCg==",
      "dev": true,
      "bin": {
        "playwright-core": "cli.js"
      },
      "engines": {
        "node": ">=20"
      }
    },
    "node_modules/prettier": {
      "version": "3.9.7",
      "resolved": "https://registry.npmjs.org/prettier/-/prettier-3.9.7.tgz",
      "integrity": "sha512-T3mF5P7HFzZVLDQuCUNtJj6WK1pcpLMweMNUVwGb01bLNkH9AkKxtZvmInw8K6bnn2O3d6/5RHl6zSHiBAD0Og==",
      "dev": true,
      "bin": {
        "prettier": "bin/prettier.cjs"
      },
      "engines": {
        "node": ">=14"
      },
      "funding": {
        "url": "https://github.com/prettier/prettier?sponsor=1"
      }
    },
    "node_modules/yaml": {
      "version": "2.9.1",
      "resolved": "https://registry.npmjs.org/yaml/-/yaml-2.9.1.tgz",
      "integrity": "sha512-3NxN8+78OdzbT7C/WjGsyfPAtJaN3FNDsWxv7Y7mcDsT/oOmgW8BpyQQFFBnvZE3j9Y2Sdz1ULFLezL7Eb2yFw==",
      "bin": {
        "yaml": "bin.mjs"
      },
      "engines": {
        "node": ">= 14.6"
      },
      "funding": {
        "url": "https://github.com/sponsors/eemeli"
      }
    }
  }
}
